// !$*UTF8*$!
{
	archiveVersion = 1;
	classes = {
	};
	objectVersion = 56;
	objects = {

/* Begin PBXBuildFile section */
		851592942C184E1F00C6E111 /* CommunityLandingPageView.swift in Sources */ = {isa = PBXBuildFile; fileRef = 851592932C184E1F00C6E111 /* CommunityLandingPageView.swift */; };
		856DC6D82BFE435900289BA5 /* AddPostView.swift in Sources */ = {isa = PBXBuildFile; fileRef = 856DC6D72BFE435900289BA5 /* AddPostView.swift */; };
		85B1DF7A2BFCAA6500466CD5 /* UIkit2SwiftuiApp.swift in Sources */ = {isa = PBXBuildFile; fileRef = 85B1DF792BFCAA6500466CD5 /* UIkit2SwiftuiApp.swift */; };
		85B1DF7C2BFCAA6500466CD5 /* ContentView.swift in Sources */ = {isa = PBXBuildFile; fileRef = 85B1DF7B2BFCAA6500466CD5 /* ContentView.swift */; };
		85B1DF7E2BFCAA6700466CD5 /* Assets.xcassets in Resources */ = {isa = PBXBuildFile; fileRef = 85B1DF7D2BFCAA6700466CD5 /* Assets.xcassets */; };
		85B1DF812BFCAA6700466CD5 /* Preview Assets.xcassets in Resources */ = {isa = PBXBuildFile; fileRef = 85B1DF802BFCAA6700466CD5 /* Preview Assets.xcassets */; };
		85B1DF882BFCAAFB00466CD5 /* Comment.swift in Sources */ = {isa = PBXBuildFile; fileRef = 85B1DF872BFCAAFB00466CD5 /* Comment.swift */; };
		85B1DF8B2BFCAB1800466CD5 /* CommentManager.swift in Sources */ = {isa = PBXBuildFile; fileRef = 85B1DF8A2BFCAB1800466CD5 /* CommentManager.swift */; };
		85B1DF8D2BFCAB2500466CD5 /* CommentView.swift in Sources */ = {isa = PBXBuildFile; fileRef = 85B1DF8C2BFCAB2500466CD5 /* CommentView.swift */; };
		85B1DF912BFCAB4300466CD5 /* EmojiSelectionView.swift in Sources */ = {isa = PBXBuildFile; fileRef = 85B1DF902BFCAB4300466CD5 /* EmojiSelectionView.swift */; };
		85B1DF932BFCAB4B00466CD5 /* EmojiView.swift in Sources */ = {isa = PBXBuildFile; fileRef = 85B1DF922BFCAB4B00466CD5 /* EmojiView.swift */; };
		85B1DF952BFCAB5300466CD5 /* OptionsView.swift in Sources */ = {isa = PBXBuildFile; fileRef = 85B1DF942BFCAB5300466CD5 /* OptionsView.swift */; };
		85B1DF972BFCAB5900466CD5 /* ReactionsReplyView.swift in Sources */ = {isa = PBXBuildFile; fileRef = 85B1DF962BFCAB5900466CD5 /* ReactionsReplyView.swift */; };
		85B1DF992BFCAB6200466CD5 /* VerticalDivider.swift in Sources */ = {isa = PBXBuildFile; fileRef = 85B1DF982BFCAB6200466CD5 /* VerticalDivider.swift */; };
		85B1DF9B2BFCAB6C00466CD5 /* CommunityNavigationBar.swift in Sources */ = {isa = PBXBuildFile; fileRef = 85B1DF9A2BFCAB6C00466CD5 /* CommunityNavigationBar.swift */; };
		85B1DF9D2BFCAB7C00466CD5 /* HeaderView.swift in Sources */ = {isa = PBXBuildFile; fileRef = 85B1DF9C2BFCAB7C00466CD5 /* HeaderView.swift */; };
		85B1DF9F2BFCAB8700466CD5 /* PostView.swift in Sources */ = {isa = PBXBuildFile; fileRef = 85B1DF9E2BFCAB8700466CD5 /* PostView.swift */; };
/* End PBXBuildFile section */

/* Begin PBXFileReference section */
		851592932C184E1F00C6E111 /* CommunityLandingPageView.swift */ = {isa = PBXFileReference; lastKnownFileType = sourcecode.swift; path = CommunityLandingPageView.swift; sourceTree = "<group>"; };
		856DC6D72BFE435900289BA5 /* AddPostView.swift */ = {isa = PBXFileReference; lastKnownFileType = sourcecode.swift; path = AddPostView.swift; sourceTree = "<group>"; };
		85B1DF762BFCAA6500466CD5 /* UIkit2Swiftui.app */ = {isa = PBXFileReference; explicitFileType = wrapper.application; includeInIndex = 0; path = UIkit2Swiftui.app; sourceTree = BUILT_PRODUCTS_DIR; };
		85B1DF792BFCAA6500466CD5 /* UIkit2SwiftuiApp.swift */ = {isa = PBXFileReference; lastKnownFileType = sourcecode.swift; path = UIkit2SwiftuiApp.swift; sourceTree = "<group>"; };
		85B1DF7B2BFCAA6500466CD5 /* ContentView.swift */ = {isa = PBXFileReference; lastKnownFileType = sourcecode.swift; path = ContentView.swift; sourceTree = "<group>"; };
		85B1DF7D2BFCAA6700466CD5 /* Assets.xcassets */ = {isa = PBXFileReference; lastKnownFileType = folder.assetcatalog; path = Assets.xcassets; sourceTree = "<group>"; };
		85B1DF802BFCAA6700466CD5 /* Preview Assets.xcassets */ = {isa = PBXFileReference; lastKnownFileType = folder.assetcatalog; path = "Preview Assets.xcassets"; sourceTree = "<group>"; };
		85B1DF872BFCAAFB00466CD5 /* Comment.swift */ = {isa = PBXFileReference; lastKnownFileType = sourcecode.swift; path = Comment.swift; sourceTree = "<group>"; };
		85B1DF8A2BFCAB1800466CD5 /* CommentManager.swift */ = {isa = PBXFileReference; lastKnownFileType = sourcecode.swift; path = CommentManager.swift; sourceTree = "<group>"; };
		85B1DF8C2BFCAB2500466CD5 /* CommentView.swift */ = {isa = PBXFileReference; lastKnownFileType = sourcecode.swift; path = CommentView.swift; sourceTree = "<group>"; };
		85B1DF902BFCAB4300466CD5 /* EmojiSelectionView.swift */ = {isa = PBXFileReference; lastKnownFileType = sourcecode.swift; path = EmojiSelectionView.swift; sourceTree = "<group>"; };
		85B1DF922BFCAB4B00466CD5 /* EmojiView.swift */ = {isa = PBXFileReference; lastKnownFileType = sourcecode.swift; path = EmojiView.swift; sourceTree = "<group>"; };
		85B1DF942BFCAB5300466CD5 /* OptionsView.swift */ = {isa = PBXFileReference; lastKnownFileType = sourcecode.swift; path = OptionsView.swift; sourceTree = "<group>"; };
		85B1DF962BFCAB5900466CD5 /* ReactionsReplyView.swift */ = {isa = PBXFileReference; lastKnownFileType = sourcecode.swift; path = ReactionsReplyView.swift; sourceTree = "<group>"; };
		85B1DF982BFCAB6200466CD5 /* VerticalDivider.swift */ = {isa = PBXFileReference; lastKnownFileType = sourcecode.swift; path = VerticalDivider.swift; sourceTree = "<group>"; };
		85B1DF9A2BFCAB6C00466CD5 /* CommunityNavigationBar.swift */ = {isa = PBXFileReference; lastKnownFileType = sourcecode.swift; path = CommunityNavigationBar.swift; sourceTree = "<group>"; };
		85B1DF9C2BFCAB7C00466CD5 /* HeaderView.swift */ = {isa = PBXFileReference; lastKnownFileType = sourcecode.swift; path = HeaderView.swift; sourceTree = "<group>"; };
		85B1DF9E2BFCAB8700466CD5 /* PostView.swift */ = {isa = PBXFileReference; lastKnownFileType = sourcecode.swift; path = PostView.swift; sourceTree = "<group>"; };
/* End PBXFileReference section */

/* Begin PBXFrameworksBuildPhase section */
		85B1DF732BFCAA6500466CD5 /* Frameworks */ = {
			isa = PBXFrameworksBuildPhase;
			buildActionMask = 2147483647;
			files = (
			);
			runOnlyForDeploymentPostprocessing = 0;
		};
/* End PBXFrameworksBuildPhase section */

/* Begin PBXGroup section */
		85B1DF6D2BFCAA6500466CD5 = {
			isa = PBXGroup;
			children = (
				85B1DF782BFCAA6500466CD5 /* UIkit2Swiftui */,
				85B1DF772BFCAA6500466CD5 /* Products */,
			);
			sourceTree = "<group>";
		};
		85B1DF772BFCAA6500466CD5 /* Products */ = {
			isa = PBXGroup;
			children = (
				85B1DF762BFCAA6500466CD5 /* UIkit2Swiftui.app */,
			);
			name = Products;
			sourceTree = "<group>";
		};
		85B1DF782BFCAA6500466CD5 /* UIkit2Swiftui */ = {
			isa = PBXGroup;
			children = (
				85B1DF792BFCAA6500466CD5 /* UIkit2SwiftuiApp.swift */,
				85B1DF7B2BFCAA6500466CD5 /* ContentView.swift */,
				85B1DF8F2BFCAB3400466CD5 /* Views */,
				85B1DF9A2BFCAB6C00466CD5 /* CommunityNavigationBar.swift */,
				85B1DF9C2BFCAB7C00466CD5 /* HeaderView.swift */,
				85B1DF9E2BFCAB8700466CD5 /* PostView.swift */,
				851592932C184E1F00C6E111 /* CommunityLandingPageView.swift */,
				85B1DF892BFCAB0300466CD5 /* Models */,
				85B1DF7D2BFCAA6700466CD5 /* Assets.xcassets */,
				85B1DF7F2BFCAA6700466CD5 /* Preview Content */,
			);
			path = UIkit2Swiftui;
			sourceTree = "<group>";
		};
		85B1DF7F2BFCAA6700466CD5 /* Preview Content */ = {
			isa = PBXGroup;
			children = (
				85B1DF802BFCAA6700466CD5 /* Preview Assets.xcassets */,
			);
			path = "Preview Content";
			sourceTree = "<group>";
		};
		85B1DF892BFCAB0300466CD5 /* Models */ = {
			isa = PBXGroup;
			children = (
				85B1DF872BFCAAFB00466CD5 /* Comment.swift */,
				85B1DF8A2BFCAB1800466CD5 /* CommentManager.swift */,
			);
			path = Models;
			sourceTree = "<group>";
		};
		85B1DF8E2BFCAB2B00466CD5 /* Components */ = {
			isa = PBXGroup;
			children = (
				85B1DF8C2BFCAB2500466CD5 /* CommentView.swift */,
				856DC6D72BFE435900289BA5 /* AddPostView.swift */,
				85B1DF902BFCAB4300466CD5 /* EmojiSelectionView.swift */,
				85B1DF922BFCAB4B00466CD5 /* EmojiView.swift */,
				85B1DF942BFCAB5300466CD5 /* OptionsView.swift */,
				85B1DF962BFCAB5900466CD5 /* ReactionsReplyView.swift */,
				85B1DF982BFCAB6200466CD5 /* VerticalDivider.swift */,
			);
			path = Components;
			sourceTree = "<group>";
		};
		85B1DF8F2BFCAB3400466CD5 /* Views */ = {
			isa = PBXGroup;
			children = (
				85B1DF8E2BFCAB2B00466CD5 /* Components */,
			);
			path = Views;
			sourceTree = "<group>";
		};
/* End PBXGroup section */

/* Begin PBXNativeTarget section */
		85B1DF752BFCAA6500466CD5 /* UIkit2Swiftui */ = {
			isa = PBXNativeTarget;
			buildConfigurationList = 85B1DF842BFCAA6700466CD5 /* Build configuration list for PBXNativeTarget "UIkit2Swiftui" */;
			buildPhases = (
				85B1DF722BFCAA6500466CD5 /* Sources */,
				85B1DF732BFCAA6500466CD5 /* Frameworks */,
				85B1DF742BFCAA6500466CD5 /* Resources */,
			);
			buildRules = (
			);
			dependencies = (
			);
			name = UIkit2Swiftui;
			productName = UIkit2Swiftui;
			productReference = 85B1DF762BFCAA6500466CD5 /* UIkit2Swiftui.app */;
			productType = "com.apple.product-type.application";
		};
/* End PBXNativeTarget section */

/* Begin PBXProject section */
		85B1DF6E2BFCAA6500466CD5 /* Project object */ = {
			isa = PBXProject;
			attributes = {
				BuildIndependentTargetsInParallel = 1;
				LastSwiftUpdateCheck = 1540;
				LastUpgradeCheck = 1540;
				TargetAttributes = {
					85B1DF752BFCAA6500466CD5 = {
						CreatedOnToolsVersion = 15.4;
					};
				};
			};
			buildConfigurationList = 85B1DF712BFCAA6500466CD5 /* Build configuration list for PBXProject "UIkit2Swiftui" */;
			compatibilityVersion = "Xcode 14.0";
			developmentRegion = en;
			hasScannedForEncodings = 0;
			knownRegions = (
				en,
				Base,
			);
			mainGroup = 85B1DF6D2BFCAA6500466CD5;
			productRefGroup = 85B1DF772BFCAA6500466CD5 /* Products */;
			projectDirPath = "";
			projectRoot = "";
			targets = (
				85B1DF752BFCAA6500466CD5 /* UIkit2Swiftui */,
			);
		};
/* End PBXProject section */

/* Begin PBXResourcesBuildPhase section */
		85B1DF742BFCAA6500466CD5 /* Resources */ = {
			isa = PBXResourcesBuildPhase;
			buildActionMask = 2147483647;
			files = (
				85B1DF812BFCAA6700466CD5 /* Preview Assets.xcassets in Resources */,
				85B1DF7E2BFCAA6700466CD5 /* Assets.xcassets in Resources */,
			);
			runOnlyForDeploymentPostprocessing = 0;
		};
/* End PBXResourcesBuildPhase section */

/* Begin PBXSourcesBuildPhase section */
		85B1DF722BFCAA6500466CD5 /* Sources */ = {
			isa = PBXSourcesBuildPhase;
			buildActionMask = 2147483647;
			files = (
				85B1DF7C2BFCAA6500466CD5 /* ContentView.swift in Sources */,
				85B1DF9B2BFCAB6C00466CD5 /* CommunityNavigationBar.swift in Sources */,
				85B1DF8B2BFCAB1800466CD5 /* CommentManager.swift in Sources */,
				85B1DF972BFCAB5900466CD5 /* ReactionsReplyView.swift in Sources */,
				85B1DF912BFCAB4300466CD5 /* EmojiSelectionView.swift in Sources */,
				85B1DF952BFCAB5300466CD5 /* OptionsView.swift in Sources */,
				85B1DF992BFCAB6200466CD5 /* VerticalDivider.swift in Sources */,
				85B1DF9D2BFCAB7C00466CD5 /* HeaderView.swift in Sources */,
				85B1DF932BFCAB4B00466CD5 /* EmojiView.swift in Sources */,
				85B1DF882BFCAAFB00466CD5 /* Comment.swift in Sources */,
				856DC6D82BFE435900289BA5 /* AddPostView.swift in Sources */,
				85B1DF8D2BFCAB2500466CD5 /* CommentView.swift in Sources */,
				85B1DF9F2BFCAB8700466CD5 /* PostView.swift in Sources */,
				851592942C184E1F00C6E111 /* CommunityLandingPageView.swift in Sources */,
				85B1DF7A2BFCAA6500466CD5 /* UIkit2SwiftuiApp.swift in Sources */,
			);
			runOnlyForDeploymentPostprocessing = 0;
		};
/* End PBXSourcesBuildPhase section */

/* Begin XCBuildConfiguration section */
		85B1DF822BFCAA6700466CD5 /* Debug */ = {
			isa = XCBuildConfiguration;
			buildSettings = {
				ALWAYS_SEARCH_USER_PATHS = NO;
				ASSETCATALOG_COMPILER_GENERATE_SWIFT_ASSET_SYMBOL_EXTENSIONS = YES;
				CLANG_ANALYZER_NONNULL = YES;
				CLANG_ANALYZER_NUMBER_OBJECT_CONVERSION = YES_AGGRESSIVE;
				CLANG_CXX_LANGUAGE_STANDARD = "gnu++20";
				CLANG_ENABLE_MODULES = YES;
				CLANG_ENABLE_OBJC_ARC = YES;
				CLANG_ENABLE_OBJC_WEAK = YES;
				CLANG_WARN_BLOCK_CAPTURE_AUTORELEASING = YES;
				CLANG_WARN_BOOL_CONVERSION = YES;
				CLANG_WARN_COMMA = YES;
				CLANG_WARN_CONSTANT_CONVERSION = YES;
				CLANG_WARN_DEPRECATED_OBJC_IMPLEMENTATIONS = YES;
				CLANG_WARN_DIRECT_OBJC_ISA_USAGE = YES_ERROR;
				CLANG_WARN_DOCUMENTATION_COMMENTS = YES;
				CLANG_WARN_EMPTY_BODY = YES;
				CLANG_WARN_ENUM_CONVERSION = YES;
				CLANG_WARN_INFINITE_RECURSION = YES;
				CLANG_WARN_INT_CONVERSION = YES;
				CLANG_WARN_NON_LITERAL_NULL_CONVERSION = YES;
				CLANG_WARN_OBJC_IMPLICIT_RETAIN_SELF = YES;
				CLANG_WARN_OBJC_LITERAL_CONVERSION = YES;
				CLANG_WARN_OBJC_ROOT_CLASS = YES_ERROR;
				CLANG_WARN_QUOTED_INCLUDE_IN_FRAMEWORK_HEADER = YES;
				CLANG_WARN_RANGE_LOOP_ANALYSIS = YES;
				CLANG_WARN_STRICT_PROTOTYPES = YES;
				CLANG_WARN_SUSPICIOUS_MOVE = YES;
				CLANG_WARN_UNGUARDED_AVAILABILITY = YES_AGGRESSIVE;
				CLANG_WARN_UNREACHABLE_CODE = YES;
				CLANG_WARN__DUPLICATE_METHOD_MATCH = YES;
				COPY_PHASE_STRIP = NO;
				DEBUG_INFORMATION_FORMAT = dwarf;
				ENABLE_STRICT_OBJC_MSGSEND = YES;
				ENABLE_TESTABILITY = YES;
				ENABLE_USER_SCRIPT_SANDBOXING = YES;
				GCC_C_LANGUAGE_STANDARD = gnu17;
				GCC_DYNAMIC_NO_PIC = NO;
				GCC_NO_COMMON_BLOCKS = YES;
				GCC_OPTIMIZATION_LEVEL = 0;
				GCC_PREPROCESSOR_DEFINITIONS = (
					"DEBUG=1",
					"$(inherited)",
				);
				GCC_WARN_64_TO_32_BIT_CONVERSION = YES;
				GCC_WARN_ABOUT_RETURN_TYPE = YES_ERROR;
				GCC_WARN_UNDECLARED_SELECTOR = YES;
				GCC_WARN_UNINITIALIZED_AUTOS = YES_AGGRESSIVE;
				GCC_WARN_UNUSED_FUNCTION = YES;
				GCC_WARN_UNUSED_VARIABLE = YES;
				IPHONEOS_DEPLOYMENT_TARGET = 17.5;
				LOCALIZATION_PREFERS_STRING_CATALOGS = YES;
				MTL_ENABLE_DEBUG_INFO = INCLUDE_SOURCE;
				MTL_FAST_MATH = YES;
				ONLY_ACTIVE_ARCH = YES;
				SDKROOT = iphoneos;
				SWIFT_ACTIVE_COMPILATION_CONDITIONS = "DEBUG $(inherited)";
				SWIFT_OPTIMIZATION_LEVEL = "-Onone";
			};
			name = Debug;
		};
		85B1DF832BFCAA6700466CD5 /* Release */ = {
			isa = XCBuildConfiguration;
			buildSettings = {
				ALWAYS_SEARCH_USER_PATHS = NO;
				ASSETCATALOG_COMPILER_GENERATE_SWIFT_ASSET_SYMBOL_EXTENSIONS = YES;
				CLANG_ANALYZER_NONNULL = YES;
				CLANG_ANALYZER_NUMBER_OBJECT_CONVERSION = YES_AGGRESSIVE;
				CLANG_CXX_LANGUAGE_STANDARD = "gnu++20";
				CLANG_ENABLE_MODULES = YES;
				CLANG_ENABLE_OBJC_ARC = YES;
				CLANG_ENABLE_OBJC_WEAK = YES;
				CLANG_WARN_BLOCK_CAPTURE_AUTORELEASING = YES;
				CLANG_WARN_BOOL_CONVERSION = YES;
				CLANG_WARN_COMMA = YES;
				CLANG_WARN_CONSTANT_CONVERSION = YES;
				CLANG_WARN_DEPRECATED_OBJC_IMPLEMENTATIONS = YES;
				CLANG_WARN_DIRECT_OBJC_ISA_USAGE = YES_ERROR;
				CLANG_WARN_DOCUMENTATION_COMMENTS = YES;
				CLANG_WARN_EMPTY_BODY = YES;
				CLANG_WARN_ENUM_CONVERSION = YES;
				CLANG_WARN_INFINITE_RECURSION = YES;
				CLANG_WARN_INT_CONVERSION = YES;
				CLANG_WARN_NON_LITERAL_NULL_CONVERSION = YES;
				CLANG_WARN_OBJC_IMPLICIT_RETAIN_SELF = YES;
				CLANG_WARN_OBJC_LITERAL_CONVERSION = YES;
				CLANG_WARN_OBJC_ROOT_CLASS = YES_ERROR;
				CLANG_WARN_QUOTED_INCLUDE_IN_FRAMEWORK_HEADER = YES;
				CLANG_WARN_RANGE_LOOP_ANALYSIS = YES;
				CLANG_WARN_STRICT_PROTOTYPES = YES;
				CLANG_WARN_SUSPICIOUS_MOVE = YES;
				CLANG_WARN_UNGUARDED_AVAILABILITY = YES_AGGRESSIVE;
				CLANG_WARN_UNREACHABLE_CODE = YES;
				CLANG_WARN__DUPLICATE_METHOD_MATCH = YES;
				COPY_PHASE_STRIP = NO;
				DEBUG_INFORMATION_FORMAT = "dwarf-with-dsym";
				ENABLE_NS_ASSERTIONS = NO;
				ENABLE_STRICT_OBJC_MSGSEND = YES;
				ENABLE_USER_SCRIPT_SANDBOXING = YES;
				GCC_C_LANGUAGE_STANDARD = gnu17;
				GCC_NO_COMMON_BLOCKS = YES;
				GCC_WARN_64_TO_32_BIT_CONVERSION = YES;
				GCC_WARN_ABOUT_RETURN_TYPE = YES_ERROR;
				GCC_WARN_UNDECLARED_SELECTOR = YES;
				GCC_WARN_UNINITIALIZED_AUTOS = YES_AGGRESSIVE;
				GCC_WARN_UNUSED_FUNCTION = YES;
				GCC_WARN_UNUSED_VARIABLE = YES;
				IPHONEOS_DEPLOYMENT_TARGET = 17.5;
				LOCALIZATION_PREFERS_STRING_CATALOGS = YES;
				MTL_ENABLE_DEBUG_INFO = NO;
				MTL_FAST_MATH = YES;
				SDKROOT = iphoneos;
				SWIFT_COMPILATION_MODE = wholemodule;
				VALIDATE_PRODUCT = YES;
			};
			name = Release;
		};
		85B1DF852BFCAA6700466CD5 /* Debug */ = {
			isa = XCBuildConfiguration;
			buildSettings = {
				ASSETCATALOG_COMPILER_APPICON_NAME = AppIcon;
				ASSETCATALOG_COMPILER_GLOBAL_ACCENT_COLOR_NAME = AccentColor;
				CODE_SIGN_STYLE = Automatic;
				CURRENT_PROJECT_VERSION = 1;
				DEVELOPMENT_ASSET_PATHS = "\"UIkit2Swiftui/Preview Content\"";
				ENABLE_PREVIEWS = YES;
				GENERATE_INFOPLIST_FILE = YES;
				INFOPLIST_KEY_UIApplicationSceneManifest_Generation = YES;
				INFOPLIST_KEY_UIApplicationSupportsIndirectInputEvents = YES;
				INFOPLIST_KEY_UILaunchScreen_Generation = YES;
				INFOPLIST_KEY_UISupportedInterfaceOrientations_iPad = "UIInterfaceOrientationPortrait UIInterfaceOrientationPortraitUpsideDown UIInterfaceOrientationLandscapeLeft UIInterfaceOrientationLandscapeRight";
				INFOPLIST_KEY_UISupportedInterfaceOrientations_iPhone = "UIInterfaceOrientationPortrait UIInterfaceOrientationLandscapeLeft UIInterfaceOrientationLandscapeRight";
				LD_RUNPATH_SEARCH_PATHS = (
					"$(inherited)",
					"@executable_path/Frameworks",
				);
				MARKETING_VERSION = 1.0;
				PRODUCT_BUNDLE_IDENTIFIER = satvik.UIkit2Swiftui;
				PRODUCT_NAME = "$(TARGET_NAME)";
				SWIFT_EMIT_LOC_STRINGS = YES;
				SWIFT_VERSION = 5.0;
				TARGETED_DEVICE_FAMILY = "1,2";
			};
			name = Debug;
		};
		85B1DF862BFCAA6700466CD5 /* Release */ = {
			isa = XCBuildConfiguration;
			buildSettings = {
				ASSETCATALOG_COMPILER_APPICON_NAME = AppIcon;
				ASSETCATALOG_COMPILER_GLOBAL_ACCENT_COLOR_NAME = AccentColor;
				CODE_SIGN_STYLE = Automatic;
				CURRENT_PROJECT_VERSION = 1;
				DEVELOPMENT_ASSET_PATHS = "\"UIkit2Swiftui/Preview Content\"";
				ENABLE_PREVIEWS = YES;
				GENERATE_INFOPLIST_FILE = YES;
				INFOPLIST_KEY_UIApplicationSceneManifest_Generation = YES;
				INFOPLIST_KEY_UIApplicationSupportsIndirectInputEvents = YES;
				INFOPLIST_KEY_UILaunchScreen_Generation = YES;
				INFOPLIST_KEY_UISupportedInterfaceOrientations_iPad = "UIInterfaceOrientationPortrait UIInterfaceOrientationPortraitUpsideDown UIInterfaceOrientationLandscapeLeft UIInterfaceOrientationLandscapeRight";
				INFOPLIST_KEY_UISupportedInterfaceOrientations_iPhone = "UIInterfaceOrientationPortrait UIInterfaceOrientationLandscapeLeft UIInterfaceOrientationLandscapeRight";
				LD_RUNPATH_SEARCH_PATHS = (
					"$(inherited)",
					"@executable_path/Frameworks",
				);
				MARKETING_VERSION = 1.0;
				PRODUCT_BUNDLE_IDENTIFIER = satvik.UIkit2Swiftui;
				PRODUCT_NAME = "$(TARGET_NAME)";
				SWIFT_EMIT_LOC_STRINGS = YES;
				SWIFT_VERSION = 5.0;
				TARGETED_DEVICE_FAMILY = "1,2";
			};
			name = Release;
		};
/* End XCBuildConfiguration section */

/* Begin XCConfigurationList section */
		85B1DF712BFCAA6500466CD5 /* Build configuration list for PBXProject "UIkit2Swiftui" */ = {
			isa = XCConfigurationList;
			buildConfigurations = (
				85B1DF822BFCAA6700466CD5 /* Debug */,
				85B1DF832BFCAA6700466CD5 /* Release */,
			);
			defaultConfigurationIsVisible = 0;
			defaultConfigurationName = Release;
		};
		85B1DF842BFCAA6700466CD5 /* Build configuration list for PBXNativeTarget "UIkit2Swiftui" */ = {
			isa = XCConfigurationList;
			buildConfigurations = (
				85B1DF852BFCAA6700466CD5 /* Debug */,
				85B1DF862BFCAA6700466CD5 /* Release */,
			);
			defaultConfigurationIsVisible = 0;
			defaultConfigurationName = Release;
		};
/* End XCConfigurationList section */
	};
	rootObject = 85B1DF6E2BFCAA6500466CD5 /* Project object */;
}
